// !$*UTF8*$!
{
	archiveVersion = 1;
	classes = {
	};
	objectVersion = 77;
	objects = {

/* Begin PBXBuildFile section */
		B30C4FCD2D76106A003CB1B3 /* Auth in Frameworks */ = {isa = PBXBuildFile; productRef = B30C4FCC2D76106A003CB1B3 /* Auth */; };
		B30C4FCF2D76106A003CB1B3 /* Functions in Frameworks */ = {isa = PBXBuildFile; productRef = B30C4FCE2D76106A003CB1B3 /* Functions */; };
		B30C4FD12D76106A003CB1B3 /* PostgREST in Frameworks */ = {isa = PBXBuildFile; productRef = B30C4FD02D76106A003CB1B3 /* PostgREST */; };
		B30C4FD32D76106A003CB1B3 /* Realtime in Frameworks */ = {isa = PBXBuildFile; productRef = B30C4FD22D76106A003CB1B3 /* Realtime */; };
		B30C4FD52D76106A003CB1B3 /* Storage in Frameworks */ = {isa = PBXBuildFile; productRef = B30C4FD42D76106A003CB1B3 /* Storage */; };
		B30C4FD72D76106A003CB1B3 /* Supabase in Frameworks */ = {isa = PBXBuildFile; productRef = B30C4FD62D76106A003CB1B3 /* Supabase */; };
		B37D94452D7602C800F2A5D8 /* NewsFlowAIApp.swift in Sources */ = {isa = PBXBuildFile; fileRef = B37D94442D7602C800F2A5D8 /* NewsFlowAIApp.swift */; };
		B37D94472D7602C800F2A5D8 /* ContentView.swift in Sources */ = {isa = PBXBuildFile; fileRef = B37D94462D7602C800F2A5D8 /* ContentView.swift */; };
		B37D94492D7602C800F2A5D8 /* Item.swift in Sources */ = {isa = PBXBuildFile; fileRef = B37D94482D7602C800F2A5D8 /* Item.swift */; };
/* End PBXBuildFile section */

/* Begin PBXContainerItemProxy section */
		B37D94542D7602C900F2A5D8 /* PBXContainerItemProxy */ = {
			isa = PBXContainerItemProxy;
			containerPortal = B37D94392D7602C800F2A5D8 /* Project object */;
			proxyType = 1;
			remoteGlobalIDString = B37D94402D7602C800F2A5D8;
			remoteInfo = NewsFlowAI;
		};
		B37D945E2D7602C900F2A5D8 /* PBXContainerItemProxy */ = {
			isa = PBXContainerItemProxy;
			containerPortal = B37D94392D7602C800F2A5D8 /* Project object */;
			proxyType = 1;
			remoteGlobalIDString = B37D94402D7602C800F2A5D8;
			remoteInfo = NewsFlowAI;
		};
/* End PBXContainerItemProxy section */

/* Begin PBXFileReference section */
		B37D94412D7602C800F2A5D8 /* NewsFlowAI.app */ = {isa = PBXFileReference; explicitFileType = wrapper.application; includeInIndex = 0; path = NewsFlowAI.app; sourceTree = BUILT_PRODUCTS_DIR; };
		B37D94442D7602C800F2A5D8 /* NewsFlowAIApp.swift */ = {isa = PBXFileReference; lastKnownFileType = sourcecode.swift; path = NewsFlowAIApp.swift; sourceTree = "<group>"; };
		B37D94462D7602C800F2A5D8 /* ContentView.swift */ = {isa = PBXFileReference; lastKnownFileType = sourcecode.swift; path = ContentView.swift; sourceTree = "<group>"; };
		B37D94482D7602C800F2A5D8 /* Item.swift */ = {isa = PBXFileReference; lastKnownFileType = sourcecode.swift; path = Item.swift; sourceTree = "<group>"; };
		B37D94532D7602C900F2A5D8 /* NewsFlowAITests.xctest */ = {isa = PBXFileReference; explicitFileType = wrapper.cfbundle; includeInIndex = 0; path = NewsFlowAITests.xctest; sourceTree = BUILT_PRODUCTS_DIR; };
		B37D945D2D7602C900F2A5D8 /* NewsFlowAIUITests.xctest */ = {isa = PBXFileReference; explicitFileType = wrapper.cfbundle; includeInIndex = 0; path = NewsFlowAIUITests.xctest; sourceTree = BUILT_PRODUCTS_DIR; };
/* End PBXFileReference section */

/* Begin PBXFileSystemSynchronizedRootGroup section */
		B37D94432D7602C800F2A5D8 /* NewsFlowAI */ = {
			isa = PBXFileSystemSynchronizedRootGroup;
			path = NewsFlowAI;
			sourceTree = "<group>";
		};
		B37D94562D7602C900F2A5D8 /* NewsFlowAITests */ = {
			isa = PBXFileSystemSynchronizedRootGroup;
			path = NewsFlowAITests;
			sourceTree = "<group>";
		};
		B37D94602D7602C900F2A5D8 /* NewsFlowAIUITests */ = {
			isa = PBXFileSystemSynchronizedRootGroup;
			path = NewsFlowAIUITests;
			sourceTree = "<group>";
		};
		B37D94702D76039400F2A5D8 /* Models */ = {
			isa = PBXFileSystemSynchronizedRootGroup;
			path = Models;
			sourceTree = "<group>";
		};
		B37D94722D7603AD00F2A5D8 /* Views */ = {
			isa = PBXFileSystemSynchronizedRootGroup;
			path = Views;
			sourceTree = "<group>";
		};
		B37D94732D7603BF00F2A5D8 /* ViewModels */ = {
			isa = PBXFileSystemSynchronizedRootGroup;
			path = ViewModels;
			sourceTree = "<group>";
		};
		B37D94752D7603DB00F2A5D8 /* Services */ = {
			isa = PBXFileSystemSynchronizedRootGroup;
			path = Services;
			sourceTree = "<group>";
		};
		B37D94762D7603E500F2A5D8 /* Utils */ = {
			isa = PBXFileSystemSynchronizedRootGroup;
			path = Utils;
			sourceTree = "<group>";
		};
		B37D94772D7603F000F2A5D8 /* Resources */ = {
			isa = PBXFileSystemSynchronizedRootGroup;
			path = Resources;
			sourceTree = "<group>";
		};
/* End PBXFileSystemSynchronizedRootGroup section */

/* Begin PBXFrameworksBuildPhase section */
		B37D943E2D7602C800F2A5D8 /* Frameworks */ = {
			isa = PBXFrameworksBuildPhase;
			buildActionMask = 2147483647;
			files = (
				B30C4FD12D76106A003CB1B3 /* PostgREST in Frameworks */,
				B30C4FCF2D76106A003CB1B3 /* Functions in Frameworks */,
				B30C4FD72D76106A003CB1B3 /* Supabase in Frameworks */,
				B30C4FCD2D76106A003CB1B3 /* Auth in Frameworks */,
				B30C4FD52D76106A003CB1B3 /* Storage in Frameworks */,
				B30C4FD32D76106A003CB1B3 /* Realtime in Frameworks */,
			);
			runOnlyForDeploymentPostprocessing = 0;
		};
		B37D94502D7602C900F2A5D8 /* Frameworks */ = {
			isa = PBXFrameworksBuildPhase;
			buildActionMask = 2147483647;
			files = (
			);
			runOnlyForDeploymentPostprocessing = 0;
		};
		B37D945A2D7602C900F2A5D8 /* Frameworks */ = {
			isa = PBXFrameworksBuildPhase;
			buildActionMask = 2147483647;
			files = (
			);
			runOnlyForDeploymentPostprocessing = 0;
		};
/* End PBXFrameworksBuildPhase section */

/* Begin PBXGroup section */
		B37D94382D7602C800F2A5D8 = {
			isa = PBXGroup;
			children = (
				B37D94772D7603F000F2A5D8 /* Resources */,
				B37D94762D7603E500F2A5D8 /* Utils */,
				B37D94732D7603BF00F2A5D8 /* ViewModels */,
				B37D94432D7602C800F2A5D8 /* NewsFlowAI */,
				B37D94562D7602C900F2A5D8 /* NewsFlowAITests */,
				B37D94602D7602C900F2A5D8 /* NewsFlowAIUITests */,
				B37D94422D7602C800F2A5D8 /* Products */,
				B37D94702D76039400F2A5D8 /* Models */,
				B37D94722D7603AD00F2A5D8 /* Views */,
				B37D94752D7603DB00F2A5D8 /* Services */,
				B37D94462D7602C800F2A5D8 /* ContentView.swift */,
				B37D94442D7602C800F2A5D8 /* NewsFlowAIApp.swift */,
				B37D94482D7602C800F2A5D8 /* Item.swift */,
			);
			sourceTree = "<group>";
		};
		B37D94422D7602C800F2A5D8 /* Products */ = {
			isa = PBXGroup;
			children = (
				B37D94412D7602C800F2A5D8 /* NewsFlowAI.app */,
				B37D94532D7602C900F2A5D8 /* NewsFlowAITests.xctest */,
				B37D945D2D7602C900F2A5D8 /* NewsFlowAIUITests.xctest */,
			);
			name = Products;
			sourceTree = "<group>";
		};
/* End PBXGroup section */

/* Begin PBXNativeTarget section */
		B37D94402D7602C800F2A5D8 /* NewsFlowAI */ = {
			isa = PBXNativeTarget;
			buildConfigurationList = B37D94672D7602C900F2A5D8 /* Build configuration list for PBXNativeTarget "NewsFlowAI" */;
			buildPhases = (
				B37D943D2D7602C800F2A5D8 /* Sources */,
				B37D943E2D7602C800F2A5D8 /* Frameworks */,
				B37D943F2D7602C800F2A5D8 /* Resources */,
			);
			buildRules = (
			);
			dependencies = (
			);
			fileSystemSynchronizedGroups = (
				B37D94432D7602C800F2A5D8 /* NewsFlowAI */,
				B37D94702D76039400F2A5D8 /* Models */,
				B37D94722D7603AD00F2A5D8 /* Views */,
				B37D94732D7603BF00F2A5D8 /* ViewModels */,
				B37D94752D7603DB00F2A5D8 /* Services */,
				B37D94762D7603E500F2A5D8 /* Utils */,
				B37D94772D7603F000F2A5D8 /* Resources */,
			);
			name = NewsFlowAI;
			packageProductDependencies = (
				B30C4FCC2D76106A003CB1B3 /* Auth */,
				B30C4FCE2D76106A003CB1B3 /* Functions */,
				B30C4FD02D76106A003CB1B3 /* PostgREST */,
				B30C4FD22D76106A003CB1B3 /* Realtime */,
				B30C4FD42D76106A003CB1B3 /* Storage */,
				B30C4FD62D76106A003CB1B3 /* Supabase */,
			);
			productName = NewsFlowAI;
			productReference = B37D94412D7602C800F2A5D8 /* NewsFlowAI.app */;
			productType = "com.apple.product-type.application";
		};
		B37D94522D7602C900F2A5D8 /* NewsFlowAITests */ = {
			isa = PBXNativeTarget;
			buildConfigurationList = B37D946A2D7602C900F2A5D8 /* Build configuration list for PBXNativeTarget "NewsFlowAITests" */;
			buildPhases = (
				B37D944F2D7602C900F2A5D8 /* Sources */,
				B37D94502D7602C900F2A5D8 /* Frameworks */,
				B37D94512D7602C900F2A5D8 /* Resources */,
			);
			buildRules = (
			);
			dependencies = (
				B37D94552D7602C900F2A5D8 /* PBXTargetDependency */,
			);
			fileSystemSynchronizedGroups = (
				B37D94562D7602C900F2A5D8 /* NewsFlowAITests */,
			);
			name = NewsFlowAITests;
			packageProductDependencies = (
			);
			productName = NewsFlowAITests;
			productReference = B37D94532D7602C900F2A5D8 /* NewsFlowAITests.xctest */;
			productType = "com.apple.product-type.bundle.unit-test";
		};
		B37D945C2D7602C900F2A5D8 /* NewsFlowAIUITests */ = {
			isa = PBXNativeTarget;
			buildConfigurationList = B37D946D2D7602C900F2A5D8 /* Build configuration list for PBXNativeTarget "NewsFlowAIUITests" */;
			buildPhases = (
				B37D94592D7602C900F2A5D8 /* Sources */,
				B37D945A2D7602C900F2A5D8 /* Frameworks */,
				B37D945B2D7602C900F2A5D8 /* Resources */,
			);
			buildRules = (
			);
			dependencies = (
				B37D945F2D7602C900F2A5D8 /* PBXTargetDependency */,
			);
			fileSystemSynchronizedGroups = (
				B37D94602D7602C900F2A5D8 /* NewsFlowAIUITests */,
			);
			name = NewsFlowAIUITests;
			packageProductDependencies = (
			);
			productName = NewsFlowAIUITests;
			productReference = B37D945D2D7602C900F2A5D8 /* NewsFlowAIUITests.xctest */;
			productType = "com.apple.product-type.bundle.ui-testing";
		};
/* End PBXNativeTarget section */

/* Begin PBXProject section */
		B37D94392D7602C800F2A5D8 /* Project object */ = {
			isa = PBXProject;
			attributes = {
				BuildIndependentTargetsInParallel = 1;
				LastSwiftUpdateCheck = 1620;
				LastUpgradeCheck = 1620;
				TargetAttributes = {
					B37D94402D7602C800F2A5D8 = {
						CreatedOnToolsVersion = 16.2;
					};
					B37D94522D7602C900F2A5D8 = {
						CreatedOnToolsVersion = 16.2;
						TestTargetID = B37D94402D7602C800F2A5D8;
					};
					B37D945C2D7602C900F2A5D8 = {
						CreatedOnToolsVersion = 16.2;
						TestTargetID = B37D94402D7602C800F2A5D8;
					};
				};
			};
			buildConfigurationList = B37D943C2D7602C800F2A5D8 /* Build configuration list for PBXProject "NewsFlowAI" */;
			developmentRegion = en;
			hasScannedForEncodings = 0;
			knownRegions = (
				en,
				Base,
			);
			mainGroup = B37D94382D7602C800F2A5D8;
			minimizedProjectReferenceProxies = 1;
			packageReferences = (
				B30C4FCB2D76106A003CB1B3 /* XCRemoteSwiftPackageReference "supabase-swift" */,
			);
			preferredProjectObjectVersion = 77;
			productRefGroup = B37D94422D7602C800F2A5D8 /* Products */;
			projectDirPath = "";
			projectRoot = "";
			targets = (
				B37D94402D7602C800F2A5D8 /* NewsFlowAI */,
				B37D94522D7602C900F2A5D8 /* NewsFlowAITests */,
				B37D945C2D7602C900F2A5D8 /* NewsFlowAIUITests */,
			);
		};
/* End PBXProject section */

/* Begin PBXResourcesBuildPhase section */
		B37D943F2D7602C800F2A5D8 /* Resources */ = {
			isa = PBXResourcesBuildPhase;
			buildActionMask = 2147483647;
			files = (
			);
			runOnlyForDeploymentPostprocessing = 0;
		};
		B37D94512D7602C900F2A5D8 /* Resources */ = {
			isa = PBXResourcesBuildPhase;
			buildActionMask = 2147483647;
			files = (
			);
			runOnlyForDeploymentPostprocessing = 0;
		};
		B37D945B2D7602C900F2A5D8 /* Resources */ = {
			isa = PBXResourcesBuildPhase;
			buildActionMask = 2147483647;
			files = (
			);
			runOnlyForDeploymentPostprocessing = 0;
		};
/* End PBXResourcesBuildPhase section */

/* Begin PBXSourcesBuildPhase section */
		B37D943D2D7602C800F2A5D8 /* Sources */ = {
			isa = PBXSourcesBuildPhase;
			buildActionMask = 2147483647;
			files = (
				B37D94472D7602C800F2A5D8 /* ContentView.swift in Sources */,
				B37D94492D7602C800F2A5D8 /* Item.swift in Sources */,
				B37D94452D7602C800F2A5D8 /* NewsFlowAIApp.swift in Sources */,
			);
			runOnlyForDeploymentPostprocessing = 0;
		};
		B37D944F2D7602C900F2A5D8 /* Sources */ = {
			isa = PBXSourcesBuildPhase;
			buildActionMask = 2147483647;
			files = (
			);
			runOnlyForDeploymentPostprocessing = 0;
		};
		B37D94592D7602C900F2A5D8 /* Sources */ = {
			isa = PBXSourcesBuildPhase;
			buildActionMask = 2147483647;
			files = (
			);
			runOnlyForDeploymentPostprocessing = 0;
		};
/* End PBXSourcesBuildPhase section */

/* Begin PBXTargetDependency section */
		B37D94552D7602C900F2A5D8 /* PBXTargetDependency */ = {
			isa = PBXTargetDependency;
			target = B37D94402D7602C800F2A5D8 /* NewsFlowAI */;
			targetProxy = B37D94542D7602C900F2A5D8 /* PBXContainerItemProxy */;
		};
		B37D945F2D7602C900F2A5D8 /* PBXTargetDependency */ = {
			isa = PBXTargetDependency;
			target = B37D94402D7602C800F2A5D8 /* NewsFlowAI */;
			targetProxy = B37D945E2D7602C900F2A5D8 /* PBXContainerItemProxy */;
		};
/* End PBXTargetDependency section */

/* Begin XCBuildConfiguration section */
		B37D94652D7602C900F2A5D8 /* Debug */ = {
			isa = XCBuildConfiguration;
			buildSettings = {
				ALWAYS_SEARCH_USER_PATHS = NO;
				ASSETCATALOG_COMPILER_GENERATE_SWIFT_ASSET_SYMBOL_EXTENSIONS = YES;
				CLANG_ANALYZER_NONNULL = YES;
				CLANG_ANALYZER_NUMBER_OBJECT_CONVERSION = YES_AGGRESSIVE;
				CLANG_CXX_LANGUAGE_STANDARD = "gnu++20";
				CLANG_ENABLE_MODULES = YES;
				CLANG_ENABLE_OBJC_ARC = YES;
				CLANG_ENABLE_OBJC_WEAK = YES;
				CLANG_WARN_BLOCK_CAPTURE_AUTORELEASING = YES;
				CLANG_WARN_BOOL_CONVERSION = YES;
				CLANG_WARN_COMMA = YES;
				CLANG_WARN_CONSTANT_CONVERSION = YES;
				CLANG_WARN_DEPRECATED_OBJC_IMPLEMENTATIONS = YES;
				CLANG_WARN_DIRECT_OBJC_ISA_USAGE = YES_ERROR;
				CLANG_WARN_DOCUMENTATION_COMMENTS = YES;
				CLANG_WARN_EMPTY_BODY = YES;
				CLANG_WARN_ENUM_CONVERSION = YES;
				CLANG_WARN_INFINITE_RECURSION = YES;
				CLANG_WARN_INT_CONVERSION = YES;
				CLANG_WARN_NON_LITERAL_NULL_CONVERSION = YES;
				CLANG_WARN_OBJC_IMPLICIT_RETAIN_SELF = YES;
				CLANG_WARN_OBJC_LITERAL_CONVERSION = YES;
				CLANG_WARN_OBJC_ROOT_CLASS = YES_ERROR;
				CLANG_WARN_QUOTED_INCLUDE_IN_FRAMEWORK_HEADER = YES;
				CLANG_WARN_RANGE_LOOP_ANALYSIS = YES;
				CLANG_WARN_STRICT_PROTOTYPES = YES;
				CLANG_WARN_SUSPICIOUS_MOVE = YES;
				CLANG_WARN_UNGUARDED_AVAILABILITY = YES_AGGRESSIVE;
				CLANG_WARN_UNREACHABLE_CODE = YES;
				CLANG_WARN__DUPLICATE_METHOD_MATCH = YES;
				COPY_PHASE_STRIP = NO;
				DEBUG_INFORMATION_FORMAT = dwarf;
				ENABLE_STRICT_OBJC_MSGSEND = YES;
				ENABLE_TESTABILITY = YES;
				ENABLE_USER_SCRIPT_SANDBOXING = YES;
				GCC_C_LANGUAGE_STANDARD = gnu17;
				GCC_DYNAMIC_NO_PIC = NO;
				GCC_NO_COMMON_BLOCKS = YES;
				GCC_OPTIMIZATION_LEVEL = 0;
				GCC_PREPROCESSOR_DEFINITIONS = (
					"DEBUG=1",
					"$(inherited)",
				);
				GCC_WARN_64_TO_32_BIT_CONVERSION = YES;
				GCC_WARN_ABOUT_RETURN_TYPE = YES_ERROR;
				GCC_WARN_UNDECLARED_SELECTOR = YES;
				GCC_WARN_UNINITIALIZED_AUTOS = YES_AGGRESSIVE;
				GCC_WARN_UNUSED_FUNCTION = YES;
				GCC_WARN_UNUSED_VARIABLE = YES;
				IPHONEOS_DEPLOYMENT_TARGET = 18.2;
				LOCALIZATION_PREFERS_STRING_CATALOGS = YES;
				MTL_ENABLE_DEBUG_INFO = INCLUDE_SOURCE;
				MTL_FAST_MATH = YES;
				ONLY_ACTIVE_ARCH = YES;
				SDKROOT = iphoneos;
				SWIFT_ACTIVE_COMPILATION_CONDITIONS = "DEBUG $(inherited)";
				SWIFT_OPTIMIZATION_LEVEL = "-Onone";
			};
			name = Debug;
		};
		B37D94662D7602C900F2A5D8 /* Release */ = {
			isa = XCBuildConfiguration;
			buildSettings = {
				ALWAYS_SEARCH_USER_PATHS = NO;
				ASSETCATALOG_COMPILER_GENERATE_SWIFT_ASSET_SYMBOL_EXTENSIONS = YES;
				CLANG_ANALYZER_NONNULL = YES;
				CLANG_ANALYZER_NUMBER_OBJECT_CONVERSION = YES_AGGRESSIVE;
				CLANG_CXX_LANGUAGE_STANDARD = "gnu++20";
				CLANG_ENABLE_MODULES = YES;
				CLANG_ENABLE_OBJC_ARC = YES;
				CLANG_ENABLE_OBJC_WEAK = YES;
				CLANG_WARN_BLOCK_CAPTURE_AUTORELEASING = YES;
				CLANG_WARN_BOOL_CONVERSION = YES;
				CLANG_WARN_COMMA = YES;
				CLANG_WARN_CONSTANT_CONVERSION = YES;
				CLANG_WARN_DEPRECATED_OBJC_IMPLEMENTATIONS = YES;
				CLANG_WARN_DIRECT_OBJC_ISA_USAGE = YES_ERROR;
				CLANG_WARN_DOCUMENTATION_COMMENTS = YES;
				CLANG_WARN_EMPTY_BODY = YES;
				CLANG_WARN_ENUM_CONVERSION = YES;
				CLANG_WARN_INFINITE_RECURSION = YES;
				CLANG_WARN_INT_CONVERSION = YES;
				CLANG_WARN_NON_LITERAL_NULL_CONVERSION = YES;
				CLANG_WARN_OBJC_IMPLICIT_RETAIN_SELF = YES;
				CLANG_WARN_OBJC_LITERAL_CONVERSION = YES;
				CLANG_WARN_OBJC_ROOT_CLASS = YES_ERROR;
				CLANG_WARN_QUOTED_INCLUDE_IN_FRAMEWORK_HEADER = YES;
				CLANG_WARN_RANGE_LOOP_ANALYSIS = YES;
				CLANG_WARN_STRICT_PROTOTYPES = YES;
				CLANG_WARN_SUSPICIOUS_MOVE = YES;
				CLANG_WARN_UNGUARDED_AVAILABILITY = YES_AGGRESSIVE;
				CLANG_WARN_UNREACHABLE_CODE = YES;
				CLANG_WARN__DUPLICATE_METHOD_MATCH = YES;
				COPY_PHASE_STRIP = NO;
				DEBUG_INFORMATION_FORMAT = "dwarf-with-dsym";
				ENABLE_NS_ASSERTIONS = NO;
				ENABLE_STRICT_OBJC_MSGSEND = YES;
				ENABLE_USER_SCRIPT_SANDBOXING = YES;
				GCC_C_LANGUAGE_STANDARD = gnu17;
				GCC_NO_COMMON_BLOCKS = YES;
				GCC_WARN_64_TO_32_BIT_CONVERSION = YES;
				GCC_WARN_ABOUT_RETURN_TYPE = YES_ERROR;
				GCC_WARN_UNDECLARED_SELECTOR = YES;
				GCC_WARN_UNINITIALIZED_AUTOS = YES_AGGRESSIVE;
				GCC_WARN_UNUSED_FUNCTION = YES;
				GCC_WARN_UNUSED_VARIABLE = YES;
				IPHONEOS_DEPLOYMENT_TARGET = 18.2;
				LOCALIZATION_PREFERS_STRING_CATALOGS = YES;
				MTL_ENABLE_DEBUG_INFO = NO;
				MTL_FAST_MATH = YES;
				SDKROOT = iphoneos;
				SWIFT_COMPILATION_MODE = wholemodule;
				VALIDATE_PRODUCT = YES;
			};
			name = Release;
		};
		B37D94682D7602C900F2A5D8 /* Debug */ = {
			isa = XCBuildConfiguration;
			buildSettings = {
				ASSETCATALOG_COMPILER_APPICON_NAME = AppIcon;
				ASSETCATALOG_COMPILER_GLOBAL_ACCENT_COLOR_NAME = AccentColor;
				CODE_SIGN_STYLE = Automatic;
				CURRENT_PROJECT_VERSION = 1;
				DEVELOPMENT_ASSET_PATHS = "\"NewsFlowAI/Preview Content\"";
				DEVELOPMENT_TEAM = Z7D98QZ9PJ;
				ENABLE_PREVIEWS = YES;
				GENERATE_INFOPLIST_FILE = YES;
				INFOPLIST_KEY_UIApplicationSceneManifest_Generation = YES;
				INFOPLIST_KEY_UIApplicationSupportsIndirectInputEvents = YES;
				INFOPLIST_KEY_UILaunchScreen_Generation = YES;
				INFOPLIST_KEY_UISupportedInterfaceOrientations_iPad = "UIInterfaceOrientationPortrait UIInterfaceOrientationPortraitUpsideDown UIInterfaceOrientationLandscapeLeft UIInterfaceOrientationLandscapeRight";
				INFOPLIST_KEY_UISupportedInterfaceOrientations_iPhone = "UIInterfaceOrientationPortrait UIInterfaceOrientationLandscapeLeft UIInterfaceOrientationLandscapeRight";
				LD_RUNPATH_SEARCH_PATHS = (
					"$(inherited)",
					"@executable_path/Frameworks",
				);
				MARKETING_VERSION = 1.0;
				PRODUCT_BUNDLE_IDENTIFIER = com.aggregator.NewsFlowAI;
				PRODUCT_NAME = "$(TARGET_NAME)";
				SWIFT_EMIT_LOC_STRINGS = YES;
				SWIFT_VERSION = 5.0;
				TARGETED_DEVICE_FAMILY = "1,2";
			};
			name = Debug;
		};
		B37D94692D7602C900F2A5D8 /* Release */ = {
			isa = XCBuildConfiguration;
			buildSettings = {
				ASSETCATALOG_COMPILER_APPICON_NAME = AppIcon;
				ASSETCATALOG_COMPILER_GLOBAL_ACCENT_COLOR_NAME = AccentColor;
				CODE_SIGN_STYLE = Automatic;
				CURRENT_PROJECT_VERSION = 1;
				DEVELOPMENT_ASSET_PATHS = "\"NewsFlowAI/Preview Content\"";
				DEVELOPMENT_TEAM = Z7D98QZ9PJ;
				ENABLE_PREVIEWS = YES;
				GENERATE_INFOPLIST_FILE = YES;
				INFOPLIST_KEY_UIApplicationSceneManifest_Generation = YES;
				INFOPLIST_KEY_UIApplicationSupportsIndirectInputEvents = YES;
				INFOPLIST_KEY_UILaunchScreen_Generation = YES;
				INFOPLIST_KEY_UISupportedInterfaceOrientations_iPad = "UIInterfaceOrientationPortrait UIInterfaceOrientationPortraitUpsideDown UIInterfaceOrientationLandscapeLeft UIInterfaceOrientationLandscapeRight";
				INFOPLIST_KEY_UISupportedInterfaceOrientations_iPhone = "UIInterfaceOrientationPortrait UIInterfaceOrientationLandscapeLeft UIInterfaceOrientationLandscapeRight";
				LD_RUNPATH_SEARCH_PATHS = (
					"$(inherited)",
					"@executable_path/Frameworks",
				);
				MARKETING_VERSION = 1.0;
				PRODUCT_BUNDLE_IDENTIFIER = com.aggregator.NewsFlowAI;
				PRODUCT_NAME = "$(TARGET_NAME)";
				SWIFT_EMIT_LOC_STRINGS = YES;
				SWIFT_VERSION = 5.0;
				TARGETED_DEVICE_FAMILY = "1,2";
			};
			name = Release;
		};
		B37D946B2D7602C900F2A5D8 /* Debug */ = {
			isa = XCBuildConfiguration;
			buildSettings = {
				BUNDLE_LOADER = "$(TEST_HOST)";
				CODE_SIGN_STYLE = Automatic;
				CURRENT_PROJECT_VERSION = 1;
				DEVELOPMENT_TEAM = Z7D98QZ9PJ;
				GENERATE_INFOPLIST_FILE = YES;
				IPHONEOS_DEPLOYMENT_TARGET = 18.2;
				MARKETING_VERSION = 1.0;
				PRODUCT_BUNDLE_IDENTIFIER = com.aggregator.NewsFlowAITests;
				PRODUCT_NAME = "$(TARGET_NAME)";
				SWIFT_EMIT_LOC_STRINGS = NO;
				SWIFT_VERSION = 5.0;
				TARGETED_DEVICE_FAMILY = "1,2";
				TEST_HOST = "$(BUILT_PRODUCTS_DIR)/NewsFlowAI.app/$(BUNDLE_EXECUTABLE_FOLDER_PATH)/NewsFlowAI";
			};
			name = Debug;
		};
		B37D946C2D7602C900F2A5D8 /* Release */ = {
			isa = XCBuildConfiguration;
			buildSettings = {
				BUNDLE_LOADER = "$(TEST_HOST)";
				CODE_SIGN_STYLE = Automatic;
				CURRENT_PROJECT_VERSION = 1;
				DEVELOPMENT_TEAM = Z7D98QZ9PJ;
				GENERATE_INFOPLIST_FILE = YES;
				IPHONEOS_DEPLOYMENT_TARGET = 18.2;
				MARKETING_VERSION = 1.0;
				PRODUCT_BUNDLE_IDENTIFIER = com.aggregator.NewsFlowAITests;
				PRODUCT_NAME = "$(TARGET_NAME)";
				SWIFT_EMIT_LOC_STRINGS = NO;
				SWIFT_VERSION = 5.0;
				TARGETED_DEVICE_FAMILY = "1,2";
				TEST_HOST = "$(BUILT_PRODUCTS_DIR)/NewsFlowAI.app/$(BUNDLE_EXECUTABLE_FOLDER_PATH)/NewsFlowAI";
			};
			name = Release;
		};
		B37D946E2D7602C900F2A5D8 /* Debug */ = {
			isa = XCBuildConfiguration;
			buildSettings = {
				CODE_SIGN_STYLE = Automatic;
				CURRENT_PROJECT_VERSION = 1;
				DEVELOPMENT_TEAM = Z7D98QZ9PJ;
				GENERATE_INFOPLIST_FILE = YES;
				MARKETING_VERSION = 1.0;
				PRODUCT_BUNDLE_IDENTIFIER = com.aggregator.NewsFlowAIUITests;
				PRODUCT_NAME = "$(TARGET_NAME)";
				SWIFT_EMIT_LOC_STRINGS = NO;
				SWIFT_VERSION = 5.0;
				TARGETED_DEVICE_FAMILY = "1,2";
				TEST_TARGET_NAME = NewsFlowAI;
			};
			name = Debug;
		};
		B37D946F2D7602C900F2A5D8 /* Release */ = {
			isa = XCBuildConfiguration;
			buildSettings = {
				CODE_SIGN_STYLE = Automatic;
				CURRENT_PROJECT_VERSION = 1;
				DEVELOPMENT_TEAM = Z7D98QZ9PJ;
				GENERATE_INFOPLIST_FILE = YES;
				MARKETING_VERSION = 1.0;
				PRODUCT_BUNDLE_IDENTIFIER = com.aggregator.NewsFlowAIUITests;
				PRODUCT_NAME = "$(TARGET_NAME)";
				SWIFT_EMIT_LOC_STRINGS = NO;
				SWIFT_VERSION = 5.0;
				TARGETED_DEVICE_FAMILY = "1,2";
				TEST_TARGET_NAME = NewsFlowAI;
			};
			name = Release;
		};
/* End XCBuildConfiguration section */

/* Begin XCConfigurationList section */
		B37D943C2D7602C800F2A5D8 /* Build configuration list for PBXProject "NewsFlowAI" */ = {
			isa = XCConfigurationList;
			buildConfigurations = (
				B37D94652D7602C900F2A5D8 /* Debug */,
				B37D94662D7602C900F2A5D8 /* Release */,
			);
			defaultConfigurationIsVisible = 0;
			defaultConfigurationName = Release;
		};
		B37D94672D7602C900F2A5D8 /* Build configuration list for PBXNativeTarget "NewsFlowAI" */ = {
			isa = XCConfigurationList;
			buildConfigurations = (
				B37D94682D7602C900F2A5D8 /* Debug */,
				B37D94692D7602C900F2A5D8 /* Release */,
			);
			defaultConfigurationIsVisible = 0;
			defaultConfigurationName = Release;
		};
		B37D946A2D7602C900F2A5D8 /* Build configuration list for PBXNativeTarget "NewsFlowAITests" */ = {
			isa = XCConfigurationList;
			buildConfigurations = (
				B37D946B2D7602C900F2A5D8 /* Debug */,
				B37D946C2D7602C900F2A5D8 /* Release */,
			);
			defaultConfigurationIsVisible = 0;
			defaultConfigurationName = Release;
		};
		B37D946D2D7602C900F2A5D8 /* Build configuration list for PBXNativeTarget "NewsFlowAIUITests" */ = {
			isa = XCConfigurationList;
			buildConfigurations = (
				B37D946E2D7602C900F2A5D8 /* Debug */,
				B37D946F2D7602C900F2A5D8 /* Release */,
			);
			defaultConfigurationIsVisible = 0;
			defaultConfigurationName = Release;
		};
/* End XCConfigurationList section */

/* Begin XCRemoteSwiftPackageReference section */
		B30C4FCB2D76106A003CB1B3 /* XCRemoteSwiftPackageReference "supabase-swift" */ = {
			isa = XCRemoteSwiftPackageReference;
			repositoryURL = "https://github.com/supabase-community/supabase-swift.git";
			requirement = {
				kind = upToNextMajorVersion;
				minimumVersion = 2.5.1;
			};
		};
/* End XCRemoteSwiftPackageReference section */

/* Begin XCSwiftPackageProductDependency section */
		B30C4FCC2D76106A003CB1B3 /* Auth */ = {
			isa = XCSwiftPackageProductDependency;
			package = B30C4FCB2D76106A003CB1B3 /* XCRemoteSwiftPackageReference "supabase-swift" */;
			productName = Auth;
		};
		B30C4FCE2D76106A003CB1B3 /* Functions */ = {
			isa = XCSwiftPackageProductDependency;
			package = B30C4FCB2D76106A003CB1B3 /* XCRemoteSwiftPackageReference "supabase-swift" */;
			productName = Functions;
		};
		B30C4FD02D76106A003CB1B3 /* PostgREST */ = {
			isa = XCSwiftPackageProductDependency;
			package = B30C4FCB2D76106A003CB1B3 /* XCRemoteSwiftPackageReference "supabase-swift" */;
			productName = PostgREST;
		};
		B30C4FD22D76106A003CB1B3 /* Realtime */ = {
			isa = XCSwiftPackageProductDependency;
			package = B30C4FCB2D76106A003CB1B3 /* XCRemoteSwiftPackageReference "supabase-swift" */;
			productName = Realtime;
		};
		B30C4FD42D76106A003CB1B3 /* Storage */ = {
			isa = XCSwiftPackageProductDependency;
			package = B30C4FCB2D76106A003CB1B3 /* XCRemoteSwiftPackageReference "supabase-swift" */;
			productName = Storage;
		};
		B30C4FD62D76106A003CB1B3 /* Supabase */ = {
			isa = XCSwiftPackageProductDependency;
			package = B30C4FCB2D76106A003CB1B3 /* XCRemoteSwiftPackageReference "supabase-swift" */;
			productName = Supabase;
		};
/* End XCSwiftPackageProductDependency section */
	};
	rootObject = B37D94392D7602C800F2A5D8 /* Project object */;
}
